
Microsoft Visual Studio Solution File, Format Version 12.00
# Visual Studio Version 17
VisualStudioVersion = 17.8.34322.80
MinimumVisualStudioVersion = 10.0.40219.1
Project("{FAE04EC0-301F-11D3-BF4B-00C04F79EFBC}") = "MauiCetContactUmut", "MauiCetContactUmut\MauiCetContactUmut.csproj", "{E46D4FF5-8181-40B6-B32F-F4D21BD5C9D8}"
EndProject
Global
	GlobalSection(SolutionConfigurationPlatforms) = preSolution
		Debug|Any CPU = Debug|Any CPU
		Release|Any CPU = Release|Any CPU
	EndGlobalSection
	GlobalSection(ProjectConfigurationPlatforms) = postSolution
		{E46D4FF5-8181-40B6-B32F-F4D21BD5C9D8}.Debug|Any CPU.ActiveCfg = Debug|Any CPU
		{E46D4FF5-8181-40B6-B32F-F4D21BD5C9D8}.Debug|Any CPU.Build.0 = Debug|Any CPU
		{E46D4FF5-8181-40B6-B32F-F4D21BD5C9D8}.Debug|Any CPU.Deploy.0 = Debug|Any CPU
		{E46D4FF5-8181-40B6-B32F-F4D21BD5C9D8}.Release|Any CPU.ActiveCfg = Release|Any CPU
		{E46D4FF5-8181-40B6-B32F-F4D21BD5C9D8}.Release|Any CPU.Build.0 = Release|Any CPU
		{E46D4FF5-8181-40B6-B32F-F4D21BD5C9D8}.Release|Any CPU.Deploy.0 = Release|Any CPU
	EndGlobalSection
	GlobalSection(SolutionProperties) = preSolution
		HideSolutionNode = FALSE
	EndGlobalSection
	GlobalSection(ExtensibilityGlobals) = postSolution
		SolutionGuid = {5408EF12-9357-48CB-BA67-30454A185A79}
	EndGlobalSection
EndGlobal
